// !$*UTF8*$!
{
	archiveVersion = 1;
	classes = {
	};
	objectVersion = 48;
	objects = {

/* Begin PBXBuildFile section */
		ED93B6E61FF03F3C00B06B42 /* NAMeter.h in Headers */ = {isa = PBXBuildFile; fileRef = ED93B6E41FF03F3C00B06B42 /* NAMeter.h */; settings = {ATTRIBUTES = (Public, ); }; };
		EDDC4C561FF0494C00F12212 /* CGFloat+Math.swift in Sources */ = {isa = PBXBuildFile; fileRef = EDDC4C4F1FF0494B00F12212 /* CGFloat+Math.swift */; };
		EDDC4C571FF0494C00F12212 /* Interpolation.swift in Sources */ = {isa = PBXBuildFile; fileRef = EDDC4C501FF0494B00F12212 /* Interpolation.swift */; };
		EDDC4C581FF0494C00F12212 /* UIColor+Interpolation.swift in Sources */ = {isa = PBXBuildFile; fileRef = EDDC4C511FF0494B00F12212 /* UIColor+Interpolation.swift */; };
		EDDC4C591FF0494C00F12212 /* UIFont+Extensions.swift in Sources */ = {isa = PBXBuildFile; fileRef = EDDC4C521FF0494B00F12212 /* UIFont+Extensions.swift */; };
		EDDC4C5A1FF0494C00F12212 /* CGColorSpace+Extension.swift in Sources */ = {isa = PBXBuildFile; fileRef = EDDC4C531FF0494B00F12212 /* CGColorSpace+Extension.swift */; };
		EDDC4C5B1FF0494C00F12212 /* UIColor+Extensions.swift in Sources */ = {isa = PBXBuildFile; fileRef = EDDC4C541FF0494C00F12212 /* UIColor+Extensions.swift */; };
		EDDC4C5C1FF0494C00F12212 /* OMMeter.swift in Sources */ = {isa = PBXBuildFile; fileRef = EDDC4C551FF0494C00F12212 /* OMMeter.swift */; };
/* End PBXBuildFile section */

/* Begin PBXFileReference section */
		ED93B6E11FF03F3C00B06B42 /* NAMeter.framework */ = {isa = PBXFileReference; explicitFileType = wrapper.framework; includeInIndex = 0; path = NAMeter.framework; sourceTree = BUILT_PRODUCTS_DIR; };
		ED93B6E41FF03F3C00B06B42 /* NAMeter.h */ = {isa = PBXFileReference; lastKnownFileType = sourcecode.c.h; path = NAMeter.h; sourceTree = "<group>"; };
		ED93B6E51FF03F3C00B06B42 /* Info.plist */ = {isa = PBXFileReference; lastKnownFileType = text.plist.xml; path = Info.plist; sourceTree = "<group>"; };
		EDDC4C4F1FF0494B00F12212 /* CGFloat+Math.swift */ = {isa = PBXFileReference; fileEncoding = 4; lastKnownFileType = sourcecode.swift; path = "CGFloat+Math.swift"; sourceTree = "<group>"; };
		EDDC4C501FF0494B00F12212 /* Interpolation.swift */ = {isa = PBXFileReference; fileEncoding = 4; lastKnownFileType = sourcecode.swift; path = Interpolation.swift; sourceTree = "<group>"; };
		EDDC4C511FF0494B00F12212 /* UIColor+Interpolation.swift */ = {isa = PBXFileReference; fileEncoding = 4; lastKnownFileType = sourcecode.swift; path = "UIColor+Interpolation.swift"; sourceTree = "<group>"; };
		EDDC4C521FF0494B00F12212 /* UIFont+Extensions.swift */ = {isa = PBXFileReference; fileEncoding = 4; lastKnownFileType = sourcecode.swift; path = "UIFont+Extensions.swift"; sourceTree = "<group>"; };
		EDDC4C531FF0494B00F12212 /* CGColorSpace+Extension.swift */ = {isa = PBXFileReference; fileEncoding = 4; lastKnownFileType = sourcecode.swift; path = "CGColorSpace+Extension.swift"; sourceTree = "<group>"; };
		EDDC4C541FF0494C00F12212 /* UIColor+Extensions.swift */ = {isa = PBXFileReference; fileEncoding = 4; lastKnownFileType = sourcecode.swift; path = "UIColor+Extensions.swift"; sourceTree = "<group>"; };
		EDDC4C551FF0494C00F12212 /* OMMeter.swift */ = {isa = PBXFileReference; fileEncoding = 4; lastKnownFileType = sourcecode.swift; path = OMMeter.swift; sourceTree = "<group>"; };
/* End PBXFileReference section */

/* Begin PBXFrameworksBuildPhase section */
		ED93B6DD1FF03F3C00B06B42 /* Frameworks */ = {
			isa = PBXFrameworksBuildPhase;
			buildActionMask = 2147483647;
			files = (
			);
			runOnlyForDeploymentPostprocessing = 0;
		};
/* End PBXFrameworksBuildPhase section */

/* Begin PBXGroup section */
		ED93B6D71FF03F3C00B06B42 = {
			isa = PBXGroup;
			children = (
				ED93B6E31FF03F3C00B06B42 /* NAMeter */,
				ED93B6E21FF03F3C00B06B42 /* Products */,
			);
			sourceTree = "<group>";
		};
		ED93B6E21FF03F3C00B06B42 /* Products */ = {
			isa = PBXGroup;
			children = (
				ED93B6E11FF03F3C00B06B42 /* NAMeter.framework */,
			);
			name = Products;
			sourceTree = "<group>";
		};
		ED93B6E31FF03F3C00B06B42 /* NAMeter */ = {
			isa = PBXGroup;
			children = (
				EDDC4C531FF0494B00F12212 /* CGColorSpace+Extension.swift */,
				EDDC4C4F1FF0494B00F12212 /* CGFloat+Math.swift */,
				EDDC4C501FF0494B00F12212 /* Interpolation.swift */,
				EDDC4C551FF0494C00F12212 /* OMMeter.swift */,
				EDDC4C541FF0494C00F12212 /* UIColor+Extensions.swift */,
				EDDC4C511FF0494B00F12212 /* UIColor+Interpolation.swift */,
				EDDC4C521FF0494B00F12212 /* UIFont+Extensions.swift */,
				ED93B6E41FF03F3C00B06B42 /* NAMeter.h */,
				ED93B6E51FF03F3C00B06B42 /* Info.plist */,
			);
			path = NAMeter;
			sourceTree = "<group>";
		};
/* End PBXGroup section */

/* Begin PBXHeadersBuildPhase section */
		ED93B6DE1FF03F3C00B06B42 /* Headers */ = {
			isa = PBXHeadersBuildPhase;
			buildActionMask = 2147483647;
			files = (
				ED93B6E61FF03F3C00B06B42 /* NAMeter.h in Headers */,
			);
			runOnlyForDeploymentPostprocessing = 0;
		};
/* End PBXHeadersBuildPhase section */

/* Begin PBXNativeTarget section */
		ED93B6E01FF03F3C00B06B42 /* NAMeter */ = {
			isa = PBXNativeTarget;
			buildConfigurationList = ED93B6E91FF03F3C00B06B42 /* Build configuration list for PBXNativeTarget "NAMeter" */;
			buildPhases = (
				ED93B6DC1FF03F3C00B06B42 /* Sources */,
				ED93B6DD1FF03F3C00B06B42 /* Frameworks */,
				ED93B6DE1FF03F3C00B06B42 /* Headers */,
				ED93B6DF1FF03F3C00B06B42 /* Resources */,
			);
			buildRules = (
			);
			dependencies = (
			);
			name = NAMeter;
			productName = NAMeter;
			productReference = ED93B6E11FF03F3C00B06B42 /* NAMeter.framework */;
			productType = "com.apple.product-type.framework";
		};
/* End PBXNativeTarget section */

/* Begin PBXProject section */
		ED93B6D81FF03F3C00B06B42 /* Project object */ = {
			isa = PBXProject;
			attributes = {
				LastUpgradeCheck = 0920;
				ORGANIZATIONNAME = "Phong Le";
				TargetAttributes = {
					ED93B6E01FF03F3C00B06B42 = {
						CreatedOnToolsVersion = 9.2;
						LastSwiftMigration = 0920;
						ProvisioningStyle = Automatic;
					};
				};
			};
			buildConfigurationList = ED93B6DB1FF03F3C00B06B42 /* Build configuration list for PBXProject "NAMeter" */;
			compatibilityVersion = "Xcode 8.0";
			developmentRegion = en;
			hasScannedForEncodings = 0;
			knownRegions = (
				en,
			);
			mainGroup = ED93B6D71FF03F3C00B06B42;
			productRefGroup = ED93B6E21FF03F3C00B06B42 /* Products */;
			projectDirPath = "";
			projectRoot = "";
			targets = (
				ED93B6E01FF03F3C00B06B42 /* NAMeter */,
			);
		};
/* End PBXProject section */

/* Begin PBXResourcesBuildPhase section */
		ED93B6DF1FF03F3C00B06B42 /* Resources */ = {
			isa = PBXResourcesBuildPhase;
			buildActionMask = 2147483647;
			files = (
			);
			runOnlyForDeploymentPostprocessing = 0;
		};
/* End PBXResourcesBuildPhase section */

/* Begin PBXSourcesBuildPhase section */
		ED93B6DC1FF03F3C00B06B42 /* Sources */ = {
			isa = PBXSourcesBuildPhase;
			buildActionMask = 2147483647;
			files = (
				EDDC4C581FF0494C00F12212 /* UIColor+Interpolation.swift in Sources */,
				EDDC4C5B1FF0494C00F12212 /* UIColor+Extensions.swift in Sources */,
				EDDC4C571FF0494C00F12212 /* Interpolation.swift in Sources */,
				EDDC4C591FF0494C00F12212 /* UIFont+Extensions.swift in Sources */,
				EDDC4C5A1FF0494C00F12212 /* CGColorSpace+Extension.swift in Sources */,
				EDDC4C561FF0494C00F12212 /* CGFloat+Math.swift in Sources */,
				EDDC4C5C1FF0494C00F12212 /* OMMeter.swift in Sources */,
			);
			runOnlyForDeploymentPostprocessing = 0;
		};
/* End PBXSourcesBuildPhase section */

/* Begin XCBuildConfiguration section */
		ED93B6E71FF03F3C00B06B42 /* Debug */ = {
			isa = XCBuildConfiguration;
			buildSettings = {
				ALWAYS_SEARCH_USER_PATHS = NO;
				CLANG_ANALYZER_NONNULL = YES;
				CLANG_ANALYZER_NUMBER_OBJECT_CONVERSION = YES_AGGRESSIVE;
				CLANG_CXX_LANGUAGE_STANDARD = "gnu++14";
				CLANG_CXX_LIBRARY = "libc++";
				CLANG_ENABLE_MODULES = YES;
				CLANG_ENABLE_OBJC_ARC = YES;
				CLANG_WARN_BLOCK_CAPTURE_AUTORELEASING = YES;
				CLANG_WARN_BOOL_CONVERSION = YES;
				CLANG_WARN_COMMA = YES;
				CLANG_WARN_CONSTANT_CONVERSION = YES;
				CLANG_WARN_DIRECT_OBJC_ISA_USAGE = YES_ERROR;
				CLANG_WARN_DOCUMENTATION_COMMENTS = YES;
				CLANG_WARN_EMPTY_BODY = YES;
				CLANG_WARN_ENUM_CONVERSION = YES;
				CLANG_WARN_INFINITE_RECURSION = YES;
				CLANG_WARN_INT_CONVERSION = YES;
				CLANG_WARN_NON_LITERAL_NULL_CONVERSION = YES;
				CLANG_WARN_OBJC_LITERAL_CONVERSION = YES;
				CLANG_WARN_OBJC_ROOT_CLASS = YES_ERROR;
				CLANG_WARN_RANGE_LOOP_ANALYSIS = YES;
				CLANG_WARN_STRICT_PROTOTYPES = YES;
				CLANG_WARN_SUSPICIOUS_MOVE = YES;
				CLANG_WARN_UNGUARDED_AVAILABILITY = YES_AGGRESSIVE;
				CLANG_WARN_UNREACHABLE_CODE = YES;
				CLANG_WARN__DUPLICATE_METHOD_MATCH = YES;
				CODE_SIGN_IDENTITY = "iPhone Developer";
				COPY_PHASE_STRIP = NO;
				CURRENT_PROJECT_VERSION = 1;
				DEBUG_INFORMATION_FORMAT = dwarf;
				ENABLE_STRICT_OBJC_MSGSEND = YES;
				ENABLE_TESTABILITY = YES;
				GCC_C_LANGUAGE_STANDARD = gnu11;
				GCC_DYNAMIC_NO_PIC = NO;
				GCC_NO_COMMON_BLOCKS = YES;
				GCC_OPTIMIZATION_LEVEL = 0;
				GCC_PREPROCESSOR_DEFINITIONS = (
					"DEBUG=1",
					"$(inherited)",
				);
				GCC_WARN_64_TO_32_BIT_CONVERSION = YES;
				GCC_WARN_ABOUT_RETURN_TYPE = YES_ERROR;
				GCC_WARN_UNDECLARED_SELECTOR = YES;
				GCC_WARN_UNINITIALIZED_AUTOS = YES_AGGRESSIVE;
				GCC_WARN_UNUSED_FUNCTION = YES;
				GCC_WARN_UNUSED_VARIABLE = YES;
				IPHONEOS_DEPLOYMENT_TARGET = 11.2;
				MTL_ENABLE_DEBUG_INFO = YES;
				ONLY_ACTIVE_ARCH = YES;
				SDKROOT = iphoneos;
				SWIFT_ACTIVE_COMPILATION_CONDITIONS = DEBUG;
				SWIFT_OPTIMIZATION_LEVEL = "-Onone";
				VERSIONING_SYSTEM = "apple-generic";
				VERSION_INFO_PREFIX = "";
			};
			name = Debug;
		};
		ED93B6E81FF03F3C00B06B42 /* Release */ = {
			isa = XCBuildConfiguration;
			buildSettings = {
				ALWAYS_SEARCH_USER_PATHS = NO;
				CLANG_ANALYZER_NONNULL = YES;
				CLANG_ANALYZER_NUMBER_OBJECT_CONVERSION = YES_AGGRESSIVE;
				CLANG_CXX_LANGUAGE_STANDARD = "gnu++14";
				CLANG_CXX_LIBRARY = "libc++";
				CLANG_ENABLE_MODULES = YES;
				CLANG_ENABLE_OBJC_ARC = YES;
				CLANG_WARN_BLOCK_CAPTURE_AUTORELEASING = YES;
				CLANG_WARN_BOOL_CONVERSION = YES;
				CLANG_WARN_COMMA = YES;
				CLANG_WARN_CONSTANT_CONVERSION = YES;
				CLANG_WARN_DIRECT_OBJC_ISA_USAGE = YES_ERROR;
				CLANG_WARN_DOCUMENTATION_COMMENTS = YES;
				CLANG_WARN_EMPTY_BODY = YES;
				CLANG_WARN_ENUM_CONVERSION = YES;
				CLANG_WARN_INFINITE_RECURSION = YES;
				CLANG_WARN_INT_CONVERSION = YES;
				CLANG_WARN_NON_LITERAL_NULL_CONVERSION = YES;
				CLANG_WARN_OBJC_LITERAL_CONVERSION = YES;
				CLANG_WARN_OBJC_ROOT_CLASS = YES_ERROR;
				CLANG_WARN_RANGE_LOOP_ANALYSIS = YES;
				CLANG_WARN_STRICT_PROTOTYPES = YES;
				CLANG_WARN_SUSPICIOUS_MOVE = YES;
				CLANG_WARN_UNGUARDED_AVAILABILITY = YES_AGGRESSIVE;
				CLANG_WARN_UNREACHABLE_CODE = YES;
				CLANG_WARN__DUPLICATE_METHOD_MATCH = YES;
				CODE_SIGN_IDENTITY = "iPhone Developer";
				COPY_PHASE_STRIP = NO;
				CURRENT_PROJECT_VERSION = 1;
				DEBUG_INFORMATION_FORMAT = "dwarf-with-dsym";
				ENABLE_NS_ASSERTIONS = NO;
				ENABLE_STRICT_OBJC_MSGSEND = YES;
				GCC_C_LANGUAGE_STANDARD = gnu11;
				GCC_NO_COMMON_BLOCKS = YES;
				GCC_WARN_64_TO_32_BIT_CONVERSION = YES;
				GCC_WARN_ABOUT_RETURN_TYPE = YES_ERROR;
				GCC_WARN_UNDECLARED_SELECTOR = YES;
				GCC_WARN_UNINITIALIZED_AUTOS = YES_AGGRESSIVE;
				GCC_WARN_UNUSED_FUNCTION = YES;
				GCC_WARN_UNUSED_VARIABLE = YES;
				IPHONEOS_DEPLOYMENT_TARGET = 11.2;
				MTL_ENABLE_DEBUG_INFO = NO;
				SDKROOT = iphoneos;
				SWIFT_OPTIMIZATION_LEVEL = "-Owholemodule";
				VALIDATE_PRODUCT = YES;
				VERSIONING_SYSTEM = "apple-generic";
				VERSION_INFO_PREFIX = "";
			};
			name = Release;
		};
		ED93B6EA1FF03F3C00B06B42 /* Debug */ = {
			isa = XCBuildConfiguration;
			buildSettings = {
				CLANG_ENABLE_MODULES = YES;
				CODE_SIGN_IDENTITY = "";
				CODE_SIGN_STYLE = Automatic;
				DEFINES_MODULE = YES;
				DYLIB_COMPATIBILITY_VERSION = 1;
				DYLIB_CURRENT_VERSION = 1;
				DYLIB_INSTALL_NAME_BASE = "@rpath";
				INFOPLIST_FILE = NAMeter/Info.plist;
				INSTALL_PATH = "$(LOCAL_LIBRARY_DIR)/Frameworks";
				LD_RUNPATH_SEARCH_PATHS = "$(inherited) @executable_path/Frameworks @loader_path/Frameworks";
				PRODUCT_BUNDLE_IDENTIFIER = com.nerdyalpaca.NAMeter;
				PRODUCT_NAME = "$(TARGET_NAME:c99extidentifier)";
				SKIP_INSTALL = YES;
				SWIFT_OPTIMIZATION_LEVEL = "-Onone";
				SWIFT_VERSION = 4.0;
				TARGETED_DEVICE_FAMILY = "1,2";
			};
			name = Debug;
		};
		ED93B6EB1FF03F3C00B06B42 /* Release */ = {
			isa = XCBuildConfiguration;
			buildSettings = {
				CLANG_ENABLE_MODULES = YES;
				CODE_SIGN_IDENTITY = "";
				CODE_SIGN_STYLE = Automatic;
				DEFINES_MODULE = YES;
				DYLIB_COMPATIBILITY_VERSION = 1;
				DYLIB_CURRENT_VERSION = 1;
				DYLIB_INSTALL_NAME_BASE = "@rpath";
				INFOPLIST_FILE = NAMeter/Info.plist;
				INSTALL_PATH = "$(LOCAL_LIBRARY_DIR)/Frameworks";
				LD_RUNPATH_SEARCH_PATHS = "$(inherited) @executable_path/Frameworks @loader_path/Frameworks";
				PRODUCT_BUNDLE_IDENTIFIER = com.nerdyalpaca.NAMeter;
				PRODUCT_NAME = "$(TARGET_NAME:c99extidentifier)";
				SKIP_INSTALL = YES;
				SWIFT_VERSION = 4.0;
				TARGETED_DEVICE_FAMILY = "1,2";
			};
			name = Release;
		};
/* End XCBuildConfiguration section */

/* Begin XCConfigurationList section */
		ED93B6DB1FF03F3C00B06B42 /* Build configuration list for PBXProject "NAMeter" */ = {
			isa = XCConfigurationList;
			buildConfigurations = (
				ED93B6E71FF03F3C00B06B42 /* Debug */,
				ED93B6E81FF03F3C00B06B42 /* Release */,
			);
			defaultConfigurationIsVisible = 0;
			defaultConfigurationName = Release;
		};
		ED93B6E91FF03F3C00B06B42 /* Build configuration list for PBXNativeTarget "NAMeter" */ = {
			isa = XCConfigurationList;
			buildConfigurations = (
				ED93B6EA1FF03F3C00B06B42 /* Debug */,
				ED93B6EB1FF03F3C00B06B42 /* Release */,
			);
			defaultConfigurationIsVisible = 0;
			defaultConfigurationName = Release;
		};
/* End XCConfigurationList section */
	};
	rootObject = ED93B6D81FF03F3C00B06B42 /* Project object */;
}
